# This file is automatically @generated by Cargo.
# It is not intended for manual editing.
version = 4

[[package]]
name = "anyhow"
version = "1.0.102"
source = "registry+https://github.com/rust-lang/crates.io-index"
checksum = "7f202df86484c868dbad7eaa557ef785d5c66295e41b460ef922eca0723b842c"

[[package]]
name = "cc"
version = "1.2.65"
source = "registry+https://github.com/rust-lang/crates.io-index"
checksum = "e228eec9be7c17ccb640b59b36a5cd805ea2a564a4c5e162c2f659fea30d3b96"
dependencies = [
 "find-msvc-tools",
 "shlex",
]

[[package]]
name = "find-msvc-tools"
version = "0.1.9"
source = "registry+https://github.com/rust-lang/crates.io-index"
checksum = "5baebc0774151f905a1a2cc41989300b1e6fbb29aff0ceffa1064fdd3088d582"

[[package]]
name = "lazy_static"
version = "1.5.0"
source = "registry+https://github.com/rust-lang/crates.io-index"
checksum = "bbd2bcb4c963f2ddae06a2efc7e9f3591312473c50c6685e1f298068316e66fe"

[[package]]
name = "libc"
version = "0.2.186"
source = "registry+https://github.com/rust-lang/crates.io-index"
checksum = "68ab91017fe16c622486840e4c83c9a37afeff978bd239b5293d61ece587de66"

[[package]]
name = "llvm-sys"
version = "221.0.1"
source = "registry+https://github.com/rust-lang/crates.io-index"
checksum = "2abcc34a3b190f03c2a61b555f218f529589ff13657bdd2ff8ac3e85f2abe6bb"
dependencies = [
 "anyhow",
 "cc",
 "lazy_static",
 "libc",
 "regex-lite",
 "semver",
]

[[package]]
name = "nia-abi-check"
version = "0.4.3"
dependencies = [
 "nia-defs",
 "nia-diagnostic",
 "nia-ids",
 "nia-item-signatures",
 "nia-parser",
 "nia-span",
 "nia-ty",
 "nia-type-lower",
 "nia-type-resolve",
]

[[package]]
name = "nia-ast"
version = "0.4.3"
dependencies = [
 "nia-ids",
 "nia-node-id",
 "nia-span",
]

[[package]]
name = "nia-ast-walk"
version = "0.4.3"
dependencies = [
 "nia-ast",
]

[[package]]
name = "nia-backend-ir"
version = "0.4.3"
dependencies = [
 "nia-ast",
 "nia-body-ir",
 "nia-comptime-check",
 "nia-function-ir",
 "nia-ids",
 "nia-layout",
 "nia-span",
 "nia-static-ir",
 "nia-ty",
]

[[package]]
name = "nia-backend-lower"
version = "0.4.3"
dependencies = [
 "nia-abi-check",
 "nia-ast",
 "nia-backend-ir",
 "nia-body-check",
 "nia-body-ir",
 "nia-comptime-check",
 "nia-defs",
 "nia-diagnostic",
 "nia-flow-check",
 "nia-function-ir",
 "nia-function-lower",
 "nia-function-opt",
 "nia-ids",
 "nia-item-signatures",
 "nia-item-tree",
 "nia-layout",
 "nia-literals",
 "nia-local-resolve",
 "nia-mangle",
 "nia-monomorphize",
 "nia-node-id",
 "nia-opt",
 "nia-parser",
 "nia-sema-ir",
 "nia-source",
 "nia-span",
 "nia-static-ir",
 "nia-target-config",
 "nia-trait-solve",
 "nia-ty",
 "nia-type-lower",
 "nia-type-normalize",
 "nia-type-resolve",
 "nia-value-resolve",
]

[[package]]
name = "nia-body-check"
version = "0.4.3"
dependencies = [
 "nia-ast",
 "nia-body-ir",
 "nia-comptime-check",
 "nia-comptime-engine",
 "nia-comptime-ir",
 "nia-defs",
 "nia-diagnostic",
 "nia-ids",
 "nia-item-signatures",
 "nia-item-tree",
 "nia-layout",
 "nia-local-resolve",
 "nia-node-id",
 "nia-parser",
 "nia-sema",
 "nia-sema-ir",
 "nia-source",
 "nia-span",
 "nia-static-ir",
 "nia-syntax",
 "nia-target-config",
 "nia-trait-solve",
 "nia-ty",
 "nia-type-lower",
 "nia-type-normalize",
 "nia-type-resolve",
 "nia-value-resolve",
]

[[package]]
name = "nia-body-ir"
version = "0.4.3"
dependencies = [
 "nia-ast",
 "nia-ids",
 "nia-node-id",
 "nia-sema-ir",
 "nia-span",
 "nia-static-ir",
 "nia-ty",
]

[[package]]
name = "nia-build"
version = "0.4.3"
dependencies = [
 "nia-driver",
 "nia-imports",
 "nia-source",
]

[[package]]
name = "nia-cli"
version = "0.4.3"
dependencies = [
 "nia-build",
 "nia-driver",
 "nia-ice",
 "nia-linker",
]

[[package]]
name = "nia-codegen-llvm"
version = "0.4.3"
dependencies = [
 "nia-ast",
 "nia-backend-ir",
 "nia-body-ir",
 "nia-compiler-query",
 "nia-comptime-check",
 "nia-comptime-engine",
 "nia-diagnostic",
 "nia-function-ir",
 "nia-function-lower",
 "nia-ice",
 "nia-ids",
 "nia-imports",
 "nia-layout",
 "nia-literals",
 "nia-llvm",
 "nia-loader-query",
 "nia-mangle",
 "nia-opt",
 "nia-span",
 "nia-static-ir",
 "nia-ty",
]

[[package]]
name = "nia-compiler-query"
version = "0.4.3"
dependencies = [
 "nia-abi-check",
 "nia-ast",
 "nia-backend-ir",
 "nia-backend-lower",
 "nia-body-check",
 "nia-body-ir",
 "nia-comptime-check",
 "nia-comptime-ir",
 "nia-defs",
 "nia-diagnostic",
 "nia-executable-reachability",
 "nia-flow-check",
 "nia-function-ir",
 "nia-function-lower",
 "nia-ids",
 "nia-imports",
 "nia-item-signatures",
 "nia-item-tree",
 "nia-layout",
 "nia-local-resolve",
 "nia-monomorphize",
 "nia-node-id",
 "nia-opt",
 "nia-parser",
 "nia-query",
 "nia-sema-ir",
 "nia-source",
 "nia-span",
 "nia-static-check",
 "nia-target-config",
 "nia-trait-solve",
 "nia-ty",
 "nia-type-lower",
 "nia-type-normalize",
 "nia-type-resolve",
 "nia-value-resolve",
]

[[package]]
name = "nia-comptime-check"
version = "0.4.3"
dependencies = [
 "nia-ast",
 "nia-comptime-engine",
 "nia-comptime-ir",
 "nia-defs",
 "nia-diagnostic",
 "nia-ids",
 "nia-item-signatures",
 "nia-item-tree",
 "nia-layout",
 "nia-local-resolve",
 "nia-node-id",
 "nia-parser",
 "nia-sema",
 "nia-sema-ir",
 "nia-source",
 "nia-span",
 "nia-target-config",
 "nia-trait-solve",
 "nia-ty",
 "nia-type-lower",
 "nia-type-normalize",
 "nia-type-resolve",
 "nia-value-resolve",
]

[[package]]
name = "nia-comptime-engine"
version = "0.4.3"
dependencies = [
 "nia-ast",
 "nia-comptime-ir",
 "nia-diagnostic",
 "nia-ids",
 "nia-literals",
 "nia-parser",
 "nia-sema",
 "nia-span",
 "nia-ty",
]

[[package]]
name = "nia-comptime-ir"
version = "0.4.3"
dependencies = [
 "nia-ast",
 "nia-ids",
 "nia-node-id",
 "nia-sema-ir",
 "nia-source",
 "nia-span",
]

[[package]]
name = "nia-defs"
version = "0.4.3"
dependencies = [
 "nia-ast",
 "nia-diagnostic",
 "nia-ids",
 "nia-item-tree",
 "nia-node-id",
 "nia-parser",
 "nia-span",
]

[[package]]
name = "nia-diagnostic"
version = "0.4.3"
dependencies = [
 "nia-span",
]

[[package]]
name = "nia-driver"
version = "0.4.3"
dependencies = [
 "nia-ast",
 "nia-backend-ir",
 "nia-body-ir",
 "nia-codegen-llvm",
 "nia-compiler-query",
 "nia-diagnostic",
 "nia-function-ir",
 "nia-ice",
 "nia-ids",
 "nia-imports",
 "nia-layout",
 "nia-lexer",
 "nia-linker",
 "nia-loader-query",
 "nia-opt",
 "nia-parser",
 "nia-source",
 "nia-span",
 "nia-static-ir",
 "nia-target-config",
 "nia-ty",
]

[[package]]
name = "nia-executable-reachability"
version = "0.4.3"
dependencies = [
 "nia-body-ir",
 "nia-defs",
 "nia-ids",
 "nia-imports",
 "nia-item-signatures",
 "nia-sema-ir",
 "nia-ty",
 "nia-type-lower",
 "nia-type-normalize",
]

[[package]]
name = "nia-flow-check"
version = "0.4.3"
dependencies = [
 "nia-ast",
 "nia-defs",
 "nia-diagnostic",
 "nia-ids",
 "nia-item-signatures",
 "nia-item-tree",
 "nia-parser",
 "nia-span",
 "nia-ty",
 "nia-type-lower",
 "nia-type-resolve",
]

[[package]]
name = "nia-function-ir"
version = "0.4.3"
dependencies = [
 "nia-ast",
 "nia-ids",
 "nia-span",
 "nia-ty",
]

[[package]]
name = "nia-function-lower"
version = "0.4.3"
dependencies = [
 "nia-ast",
 "nia-body-ir",
 "nia-function-ir",
 "nia-ids",
 "nia-sema-ir",
 "nia-span",
 "nia-ty",
]

[[package]]
name = "nia-function-opt"
version = "0.4.3"
dependencies = [
 "nia-ast",
 "nia-function-ir",
 "nia-ids",
 "nia-literals",
 "nia-opt",
 "nia-span",
]

[[package]]
name = "nia-ice"
version = "0.4.3"
dependencies = [
 "nia-diagnostic",
 "nia-span",
]

[[package]]
name = "nia-ids"
version = "0.4.3"

[[package]]
name = "nia-imports"
version = "0.4.3"
dependencies = [
 "nia-ast",
 "nia-diagnostic",
 "nia-ids",
 "nia-item-tree",
 "nia-parser",
 "nia-source",
 "nia-span",
]

[[package]]
name = "nia-item-signatures"
version = "0.4.3"
dependencies = [
 "nia-ast",
 "nia-defs",
 "nia-diagnostic",
 "nia-ids",
 "nia-item-tree",
 "nia-node-id",
 "nia-parser",
 "nia-span",
 "nia-ty",
 "nia-type-lower",
 "nia-type-resolve",
]

[[package]]
name = "nia-item-tree"
version = "0.4.3"
dependencies = [
 "nia-ast",
 "nia-node-id",
 "nia-parser",
 "nia-span",
]

[[package]]
name = "nia-layout"
version = "0.4.3"
dependencies = [
 "nia-ast",
 "nia-comptime-check",
 "nia-defs",
 "nia-diagnostic",
 "nia-ids",
 "nia-item-signatures",
 "nia-item-tree",
 "nia-local-resolve",
 "nia-parser",
 "nia-sema-ir",
 "nia-source",
 "nia-span",
 "nia-target-config",
 "nia-ty",
 "nia-type-lower",
 "nia-type-resolve",
 "nia-value-resolve",
]

[[package]]
name = "nia-lexer"
version = "0.4.3"
dependencies = [
 "nia-span",
]

[[package]]
name = "nia-linker"
version = "0.4.3"
dependencies = [
 "nia-target-config",
]

[[package]]
name = "nia-literals"
version = "0.4.3"

[[package]]
name = "nia-llvm"
version = "0.4.3"
dependencies = [
 "llvm-sys",
 "nia-diagnostic",
 "nia-ice",
 "nia-span",
]

[[package]]
name = "nia-loader-query"
version = "0.4.3"
dependencies = [
 "nia-ast",
 "nia-ast-walk",
 "nia-compiler-query",
 "nia-diagnostic",
 "nia-imports",
 "nia-item-tree",
 "nia-node-id",
 "nia-parser",
 "nia-query",
 "nia-source",
 "nia-span",
 "nia-syntax",
 "nia-target-config",
]

[[package]]
name = "nia-local-resolve"
version = "0.4.3"
dependencies = [
 "nia-ast",
 "nia-defs",
 "nia-diagnostic",
 "nia-ids",
 "nia-imports",
 "nia-item-tree",
 "nia-node-id",
 "nia-parser",
 "nia-source",
 "nia-span",
 "nia-syntax",
 "nia-value-resolve",
]

[[package]]
name = "nia-mangle"
version = "0.4.3"
dependencies = [
 "nia-ids",
 "nia-ty",
]

[[package]]
name = "nia-monomorphize"
version = "0.4.3"
dependencies = [
 "nia-ast",
 "nia-body-ir",
 "nia-comptime-check",
 "nia-defs",
 "nia-diagnostic",
 "nia-ids",
 "nia-item-signatures",
 "nia-layout",
 "nia-mangle",
 "nia-node-id",
 "nia-parser",
 "nia-sema-ir",
 "nia-source",
 "nia-span",
 "nia-trait-solve",
 "nia-ty",
 "nia-type-normalize",
]

[[package]]
name = "nia-node-id"
version = "0.4.3"
dependencies = [
 "nia-source",
 "nia-span",
]

[[package]]
name = "nia-opt"
version = "0.4.3"

[[package]]
name = "nia-parser"
version = "0.4.3"
dependencies = [
 "nia-ast",
 "nia-lexer",
 "nia-node-id",
 "nia-source",
 "nia-span",
 "nia-syntax",
]

[[package]]
name = "nia-query"
version = "0.4.3"

[[package]]
name = "nia-sema"
version = "0.4.3"
dependencies = [
 "nia-span",
 "nia-ty",
]

[[package]]
name = "nia-sema-ir"
version = "0.4.3"
dependencies = [
 "nia-ast",
 "nia-ids",
 "nia-node-id",
 "nia-source",
 "nia-span",
 "nia-ty",
]

[[package]]
name = "nia-source"
version = "0.4.3"

[[package]]
name = "nia-span"
version = "0.4.3"

[[package]]
name = "nia-static-check"
version = "0.4.3"
dependencies = [
 "nia-ast",
 "nia-comptime-check",
 "nia-comptime-engine",
 "nia-comptime-ir",
 "nia-defs",
 "nia-diagnostic",
 "nia-ids",
 "nia-item-signatures",
 "nia-item-tree",
 "nia-local-resolve",
 "nia-node-id",
 "nia-parser",
 "nia-sema-ir",
 "nia-source",
 "nia-span",
 "nia-target-config",
 "nia-type-lower",
 "nia-type-normalize",
 "nia-type-resolve",
 "nia-value-resolve",
]

[[package]]
name = "nia-static-ir"
version = "0.4.3"
dependencies = [
 "nia-ids",
 "nia-ty",
]

[[package]]
name = "nia-syntax"
version = "0.4.3"
dependencies = [
 "nia-lexer",
 "nia-node-id",
 "nia-source",
 "nia-span",
]

[[package]]
name = "nia-target-config"
version = "0.4.3"
dependencies = [
 "nia-ast",
 "nia-comptime-engine",
 "nia-comptime-ir",
 "nia-diagnostic",
 "nia-ids",
 "nia-item-tree",
 "nia-node-id",
 "nia-parser",
 "nia-span",
]

[[package]]
name = "nia-trait-solve"
version = "0.4.3"
dependencies = [
 "nia-ids",
 "nia-item-signatures",
 "nia-layout",
 "nia-ty",
 "nia-type-normalize",
]

[[package]]
name = "nia-ty"
version = "0.4.3"
dependencies = [
 "nia-ids",
 "nia-span",
]

[[package]]
name = "nia-type-lower"
version = "0.4.3"
dependencies = [
 "nia-ast",
 "nia-ast-walk",
 "nia-defs",
 "nia-diagnostic",
 "nia-ids",
 "nia-imports",
 "nia-item-tree",
 "nia-literals",
 "nia-node-id",
 "nia-parser",
 "nia-span",
 "nia-ty",
 "nia-type-resolve",
]

[[package]]
name = "nia-type-normalize"
version = "0.4.3"
dependencies = [
 "nia-defs",
 "nia-diagnostic",
 "nia-ids",
 "nia-item-signatures",
 "nia-parser",
 "nia-span",
 "nia-ty",
 "nia-type-lower",
 "nia-type-resolve",
]

[[package]]
name = "nia-type-resolve"
version = "0.4.3"
dependencies = [
 "nia-ast",
 "nia-ast-walk",
 "nia-defs",
 "nia-diagnostic",
 "nia-ids",
 "nia-imports",
 "nia-item-tree",
 "nia-node-id",
 "nia-parser",
 "nia-span",
 "nia-ty",
]

[[package]]
name = "nia-value-resolve"
version = "0.4.3"
dependencies = [
 "nia-ast",
 "nia-ast-walk",
 "nia-defs",
 "nia-diagnostic",
 "nia-ids",
 "nia-imports",
 "nia-item-tree",
 "nia-node-id",
 "nia-parser",
 "nia-sema-ir",
 "nia-span",
 "nia-ty",
]

[[package]]
name = "regex-lite"
version = "0.1.9"
source = "registry+https://github.com/rust-lang/crates.io-index"
checksum = "cab834c73d247e67f4fae452806d17d3c7501756d98c8808d7c9c7aa7d18f973"

[[package]]
name = "semver"
version = "1.0.28"
source = "registry+https://github.com/rust-lang/crates.io-index"
checksum = "8a7852d02fc848982e0c167ef163aaff9cd91dc640ba85e263cb1ce46fae51cd"

[[package]]
name = "shlex"
version = "2.0.1"
source = "registry+https://github.com/rust-lang/crates.io-index"
checksum = "f8fadd59c855ef2080decdef8ff161eb6661b86933c9d82e5ba29dc602a55aba"
